#MicroXplorer Configuration settings - do not modify
Mcu.Family=STM32F7
ProjectManager.MainLocation=Core/Src
RCC.USART1Freq_Value=108000000
RCC.SAI1Freq_Value=50000000
RCC.CortexFreq_Value=216000000
Dma.SDMMC1_RX.0.MemInc=DMA_MINC_ENABLE
ProjectManager.KeepUserCode=true
Mcu.UserName=STM32F746NGHx
RCC.PLLCLKFreq_Value=216000000
PC12.Signal=SDMMC1_CK
PC10.Signal=SDMMC1_D2
RCC.PLLQCLKFreq_Value=48000000
ProjectManager.functionlistsort=1-MX_GPIO_Init-GPIO-false-HAL-true,2-MX_DMA_Init-DMA-false-HAL-true,3-SystemClock_Config-RCC-false-HAL-false,4-MX_SDMMC1_SD_Init-SDMMC1-false-HAL-true,5-MX_USART6_UART_Init-USART6-false-HAL-true,0-MX_CORTEX_M7_Init-CORTEX_M7-false-HAL-true
RCC.PLLI2SRCLKFreq_Value=100000000
RCC.USART2Freq_Value=54000000
Dma.SDMMC1_RX.0.Instance=DMA2_Stream3
Dma.SDMMC1_RX.0.FIFOMode=DMA_FIFOMODE_ENABLE
Dma.SDMMC1_RX.0.Priority=DMA_PRIORITY_HIGH
PinOutPanel.RotationAngle=0
RCC.SYSCLKSource=RCC_SYSCLKSOURCE_PLLCLK
ProjectManager.StackSize=0x1000
Dma.SDMMC1_TX.1.FIFOThreshold=DMA_FIFO_THRESHOLD_FULL
RCC.I2C3Freq_Value=54000000
RCC.LPTIM1Freq_Value=54000000
Mcu.IP4=RCC
RCC.FCLKCortexFreq_Value=216000000
Mcu.IP5=SDMMC1
Mcu.IP2=FREERTOS
NVIC.SVCall_IRQn=true\:0\:0\:false\:false\:false\:false\:false\:false
Mcu.IP3=NVIC
Mcu.IP0=CORTEX_M7
Mcu.IP1=DMA
Mcu.UserConstants=
RCC.PLL48CLockSelection=RCC_CLK48SOURCE_PLLSAIP
RCC.SDMMCFreq_Value=50000000
Mcu.ThirdPartyNb=0
RCC.HCLKFreq_Value=216000000
RCC.I2C4Freq_Value=54000000
Mcu.IPNb=8
RCC.PLLI2SRoutputFreq_Value=100000000
ProjectManager.PreviousToolchain=STM32CubeIDE
RCC.APB2TimFreq_Value=216000000
RCC.SPDIFRXFreq_Value=100000000
Mcu.Pin6=PI1
RCC.SAI2Freq_Value=50000000
USART6.VirtualMode-Asynchronous=VM_ASYNC
Mcu.Pin7=PC9
Mcu.Pin8=PC8
Mcu.Pin9=VP_FREERTOS_VS_CMSIS_V1
RCC.VCOSAIOutputFreq_Value=100000000
FREERTOS.IPParameters=Tasks01,FootprintOK
RCC.AHBFreq_Value=216000000
Mcu.Pin0=PG14
Mcu.Pin1=PC12
GPIO.groupedBy=Group By Peripherals
Mcu.Pin2=PC11
Mcu.Pin3=PC10
RCC.USART3Freq_Value=54000000
Mcu.Pin4=PG9
Mcu.Pin5=PD2
RCC.PLLSAIRCLKFreq_Value=20000000
ProjectManager.ProjectBuild=false
RCC.HSE_VALUE=25000000
NVIC.UsageFault_IRQn=true\:0\:0\:false\:false\:true\:false\:false\:false
NVIC.DebugMonitor_IRQn=true\:0\:0\:false\:false\:true\:false\:false\:false
NVIC.SysTick_IRQn=true\:15\:0\:false\:false\:true\:true\:false\:true
PG14.Mode=Asynchronous
ProjectManager.FirmwarePackage=STM32Cube FW_F7 V1.16.1
MxDb.Version=DB.6.0.10
ProjectManager.BackupPrevious=false
RCC.VCOInputFreq_Value=2000000
File.Version=6
PC9.Mode=SD_4_bits_Wide_bus
NVIC.PendSV_IRQn=true\:15\:0\:false\:false\:false\:true\:false\:false
VP_FREERTOS_VS_CMSIS_V1.Mode=CMSIS_V1
Dma.RequestsNb=2
ProjectManager.HalAssertFull=false
ProjectManager.ProjectName=Disco_F746_FATFS_uSD_v1
RCC.MCO2PinFreq_Value=216000000
Mcu.Package=TFBGA216
RCC.SDMMCClockSelection=RCC_SDMMC1CLKSOURCE_CLK48
Dma.SDMMC1_RX.0.PeriphBurst=DMA_PBURST_INC4
ProjectManager.ToolChainLocation=
RCC.LSI_VALUE=32000
VP_SYS_VS_Systick.Signal=SYS_VS_Systick
FREERTOS.FootprintOK=true
PC11.Mode=SD_4_bits_Wide_bus
RCC.PLLSAIN=50
RCC.PLLSAIR=5
RCC.APB2CLKDivider=RCC_HCLK_DIV2
RCC.CECFreq_Value=32786.88524590164
Dma.Request1=SDMMC1_TX
RCC.APB1TimFreq_Value=108000000
NVIC.BusFault_IRQn=true\:0\:0\:false\:false\:true\:false\:false\:false
Dma.SDMMC1_TX.1.MemInc=DMA_MINC_ENABLE
Dma.SDMMC1_RX.0.Mode=DMA_PFCTRL
Dma.Request0=SDMMC1_RX
Dma.SDMMC1_RX.0.MemDataAlignment=DMA_MDATAALIGN_WORD
ProjectManager.CustomerFirmwarePackage=
RCC.PLLSAIQCLKFreq_Value=50000000
Dma.SDMMC1_TX.1.Direction=DMA_MEMORY_TO_PERIPH
Dma.SDMMC1_TX.1.Instance=DMA2_Stream6
RCC.I2SFreq_Value=100000000
RCC.PLLQoutputFreq_Value=48000000
Dma.SDMMC1_RX.0.RequestParameters=Instance,Direction,PeriphInc,MemInc,PeriphDataAlignment,MemDataAlignment,Mode,Priority,FIFOMode,FIFOThreshold,MemBurst,PeriphBurst
ProjectManager.ProjectFileName=Disco_F746_FATFS_uSD_v1.ioc
FREERTOS.Tasks01=uSDThread,0,1024,StartThread,Default,NULL,Dynamic,NULL,NULL
Dma.SDMMC1_RX.0.PeriphInc=DMA_PINC_DISABLE
RCC.UART7Freq_Value=54000000
Mcu.PinsNb=11
ProjectManager.NoMain=false
USART6.IPParameters=VirtualMode-Asynchronous
NVIC.SavedSvcallIrqHandlerGenerated=true
PG9.Signal=USART6_RX
PC11.Signal=SDMMC1_D3
PG9.Mode=Asynchronous
PC8.Signal=SDMMC1_D0
PC10.Mode=SD_4_bits_Wide_bus
ProjectManager.DefaultFWLocation=true
Dma.SDMMC1_RX.0.PeriphDataAlignment=DMA_PDATAALIGN_WORD
ProjectManager.DeletePrevious=true
RCC.UART8Freq_Value=54000000
RCC.APB1CLKDivider=RCC_HCLK_DIV4
RCC.LCDTFToutputFreq_Value=2500000
boardIOC=true
PinOutPanel.CurrentBGAView=Top
RCC.FamilyName=M
RCC.PLLSAIRDiv=RCC_PLLSAIDIVR_8
VP_FREERTOS_VS_CMSIS_V1.Signal=FREERTOS_VS_CMSIS_V1
Dma.SDMMC1_TX.1.PeriphBurst=DMA_PBURST_INC4
ProjectManager.TargetToolchain=STM32CubeIDE
RCC.USART6Freq_Value=108000000
ProjectManager.RegisterCallBack=
PI1.Locked=true
RCC.USBFreq_Value=50000000
NVIC.DMA2_Stream3_IRQn=true\:5\:0\:false\:false\:false\:true\:false\:true
NVIC.DMA2_Stream6_IRQn=true\:5\:0\:false\:false\:false\:true\:false\:true
RCC.PLLSAIoutputFreq_Value=50000000
RCC.VCOI2SOutputFreq_Value=200000000
PD2.Mode=SD_4_bits_Wide_bus
PG14.Signal=USART6_TX
PC12.Mode=SD_4_bits_Wide_bus
RCC.PLLSAIPCLKFreq_Value=50000000
board=STM32F746G-DISCO
RCC.VCOOutputFreq_Value=432000000
ProjectManager.LastFirmware=true
NVIC.SavedSystickIrqHandlerGenerated=true
RCC.APB2Freq_Value=108000000
RCC.UART4Freq_Value=54000000
MxCube.Version=6.1.1
RCC.I2C1Freq_Value=54000000
RCC.PLLI2SPCLKFreq_Value=100000000
PI1.Signal=GPIO_Output
RCC.RNGFreq_Value=50000000
VP_SYS_VS_Systick.Mode=SysTick
Dma.SDMMC1_RX.0.Direction=DMA_PERIPH_TO_MEMORY
RCC.EthernetFreq_Value=216000000
Dma.SDMMC1_RX.0.MemBurst=DMA_MBURST_INC4
NVIC.NonMaskableInt_IRQn=true\:0\:0\:false\:false\:true\:false\:false\:false
Dma.SDMMC1_TX.1.Priority=DMA_PRIORITY_HIGH
Dma.SDMMC1_TX.1.FIFOMode=DMA_FIFOMODE_ENABLE
RCC.UART5Freq_Value=54000000
ProjectManager.FreePins=false
RCC.IPParameters=AHBFreq_Value,APB1CLKDivider,APB1Freq_Value,APB1TimFreq_Value,APB2CLKDivider,APB2Freq_Value,APB2TimFreq_Value,CECFreq_Value,CortexFreq_Value,EthernetFreq_Value,FCLKCortexFreq_Value,FamilyName,HCLKFreq_Value,HSE_VALUE,HSI_VALUE,I2C1Freq_Value,I2C2Freq_Value,I2C3Freq_Value,I2C4Freq_Value,I2SFreq_Value,LCDTFToutputFreq_Value,LPTIM1Freq_Value,LSI_VALUE,MCO2PinFreq_Value,PLL48CLockSelection,PLLCLKFreq_Value,PLLI2SN,PLLI2SPCLKFreq_Value,PLLI2SQCLKFreq_Value,PLLI2SRCLKFreq_Value,PLLI2SRoutputFreq_Value,PLLM,PLLN,PLLQ,PLLQCLKFreq_Value,PLLQoutputFreq_Value,PLLSAIN,PLLSAIPCLKFreq_Value,PLLSAIQCLKFreq_Value,PLLSAIR,PLLSAIRCLKFreq_Value,PLLSAIRDiv,PLLSAIoutputFreq_Value,RNGFreq_Value,SAI1Freq_Value,SAI2Freq_Value,SDMMCClockSelection,SDMMCFreq_Value,SPDIFRXFreq_Value,SYSCLKFreq_VALUE,SYSCLKSource,UART4Freq_Value,UART5Freq_Value,UART7Freq_Value,UART8Freq_Value,USART1Freq_Value,USART2Freq_Value,USART3Freq_Value,USART6Freq_Value,USBFreq_Value,VCOI2SOutputFreq_Value,VCOInputFreq_Value,VCOOutputFreq_Value,VCOSAIOutputFreq_Value
ProjectManager.AskForMigrate=true
Mcu.Name=STM32F746NGHx
RCC.PLLI2SQCLKFreq_Value=100000000
NVIC.SavedPendsvIrqHandlerGenerated=true
ProjectManager.UnderRoot=true
Mcu.IP6=SYS
PC8.Mode=SD_4_bits_Wide_bus
Mcu.IP7=USART6
ProjectManager.CoupleFile=false
RCC.SYSCLKFreq_VALUE=216000000
Dma.SDMMC1_TX.1.MemBurst=DMA_MBURST_INC4
NVIC.ForceEnableDMAVector=true
KeepUserPlacement=false
Dma.SDMMC1_RX.0.FIFOThreshold=DMA_FIFO_THRESHOLD_FULL
NVIC.MemoryManagement_IRQn=true\:0\:0\:false\:false\:true\:false\:false\:false
ProjectManager.CompilerOptimize=6
Dma.SDMMC1_TX.1.PeriphDataAlignment=DMA_PDATAALIGN_WORD
ProjectManager.HeapSize=0x200
Dma.SDMMC1_TX.1.RequestParameters=Instance,Direction,PeriphInc,MemInc,PeriphDataAlignment,MemDataAlignment,Mode,Priority,FIFOMode,FIFOThreshold,MemBurst,PeriphBurst
NVIC.HardFault_IRQn=true\:0\:0\:false\:false\:true\:false\:false\:false
Dma.SDMMC1_TX.1.MemDataAlignment=DMA_MDATAALIGN_WORD
ProjectManager.ComputerToolchain=false
RCC.HSI_VALUE=16000000
RCC.PLLQ=9
NVIC.PriorityGroup=NVIC_PRIORITYGROUP_4
RCC.PLLM=8
RCC.PLLN=216
Mcu.Pin10=VP_SYS_VS_Systick
PC9.Signal=SDMMC1_D1
PD2.Signal=SDMMC1_CMD
RCC.I2C2Freq_Value=54000000
RCC.APB1Freq_Value=54000000
Dma.SDMMC1_TX.1.Mode=DMA_PFCTRL
Dma.SDMMC1_TX.1.PeriphInc=DMA_PINC_DISABLE
RCC.PLLI2SN=100
ProjectManager.DeviceId=STM32F746NGHx
ProjectManager.LibraryCopy=1
